{
    "name": "@gooby/keys",
    "version": "1.0.0",
    "lockfileVersion": 2,
    "requires": true,
    "packages": {
        "": {
            "name": "@gooby/keys",
            "version": "1.0.0",
            "license": "MIT",
            "dependencies": {
                "@gooby/string": "^1.0.0"
            }
        },
        "node_modules/@gooby/string": {
            "version": "1.0.0",
            "resolved": "https://registry.npmjs.org/@gooby/string/-/string-1.0.0.tgz",
            "integrity": "sha512-uIlhxKgoAPlK6ygVocokMBGzYCXCyri2/XlsEdobgtKHpDOthoVBS1bg0IQfRrQ/OTbOhH5AB3e3VmSEt42ZOA=="
        }
    },
    "dependencies": {
        "@gooby/string": {
            "version": "1.0.0",
            "resolved": "https://registry.npmjs.org/@gooby/string/-/string-1.0.0.tgz",
            "integrity": "sha512-uIlhxKgoAPlK6ygVocokMBGzYCXCyri2/XlsEdobgtKHpDOthoVBS1bg0IQfRrQ/OTbOhH5AB3e3VmSEt42ZOA=="
        }
    }
}
